
Microsoft Visual Studio Solution File, Format Version 12.00
# Visual Studio Version 16
VisualStudioVersion = 16.0.28407.52
MinimumVisualStudioVersion = 10.0.40219.1
Project("{FAE04EC0-301F-11D3-BF4B-00C04F79EFBC}") = "RetroCopy", "RetroCopy\RetroCopy.csproj", "{B6B575F2-45E5-41E5-A16C-5114A4B35424}"
EndProject
Global
	GlobalSection(SolutionConfigurationPlatforms) = preSolution
		Debug|Any CPU = Debug|Any CPU
		Release|Any CPU = Release|Any CPU
	EndGlobalSection
	GlobalSection(ProjectConfigurationPlatforms) = postSolution
		{B6B575F2-45E5-41E5-A16C-5114A4B35424}.Debug|Any CPU.ActiveCfg = Debug|Any CPU
		{B6B575F2-45E5-41E5-A16C-5114A4B35424}.Debug|Any CPU.Build.0 = Debug|Any CPU
		{B6B575F2-45E5-41E5-A16C-5114A4B35424}.Release|Any CPU.ActiveCfg = Release|Any CPU
		{B6B575F2-45E5-41E5-A16C-5114A4B35424}.Release|Any CPU.Build.0 = Release|Any CPU
	EndGlobalSection
	GlobalSection(SolutionProperties) = preSolution
		HideSolutionNode = FALSE
	EndGlobalSection
	GlobalSection(ExtensibilityGlobals) = postSolution
		SolutionGuid = {33B3B23D-C22B-43AD-BCBA-E89BEC685EC8}
	EndGlobalSection
EndGlobal
